# Copyright (c) 2023 TOKITA Hiroshi <tokita.hiroshi@fujitsu.com>
# SPDX-License-Identifier: Apache-2.0

description: Renesas Clock Pulse Generator / Module Standby and Software Reset

compatible: "renesas,ra-clock"

include: [clock-controller.yaml, base.yaml]

properties:
  reg:
    required: true

  "#clock-cells":
    const: 0
